
Microsoft Visual Studio Solution File, Format Version 12.00
# Visual Studio Version 16
VisualStudioVersion = 16.0.30413.136
MinimumVisualStudioVersion = 10.0.40219.1
Project("{9A19103F-16F7-4668-BE54-9A1E7A4F7556}") = "Talia_Game_Framework", "Talia_Game_Framework\Talia_Game_Framework.csproj", "{506292DC-31ED-4439-84B8-A64B08CB554E}"
EndProject
Project("{FAE04EC0-301F-11D3-BF4B-00C04F79EFBC}") = "Talia_Game_Testing", "Talia_Game_Testing\Talia_Game_Testing.csproj", "{C1AA899C-B5F9-4890-93E6-D182BFEB5DCA}"
EndProject
Global
	GlobalSection(SolutionConfigurationPlatforms) = preSolution
		Debug|Any CPU = Debug|Any CPU
		Release|Any CPU = Release|Any CPU
	EndGlobalSection
	GlobalSection(ProjectConfigurationPlatforms) = postSolution
		{506292DC-31ED-4439-84B8-A64B08CB554E}.Debug|Any CPU.ActiveCfg = Debug|Any CPU
		{506292DC-31ED-4439-84B8-A64B08CB554E}.Debug|Any CPU.Build.0 = Debug|Any CPU
		{506292DC-31ED-4439-84B8-A64B08CB554E}.Release|Any CPU.ActiveCfg = Release|Any CPU
		{506292DC-31ED-4439-84B8-A64B08CB554E}.Release|Any CPU.Build.0 = Release|Any CPU
		{C1AA899C-B5F9-4890-93E6-D182BFEB5DCA}.Debug|Any CPU.ActiveCfg = Debug|Any CPU
		{C1AA899C-B5F9-4890-93E6-D182BFEB5DCA}.Debug|Any CPU.Build.0 = Debug|Any CPU
		{C1AA899C-B5F9-4890-93E6-D182BFEB5DCA}.Release|Any CPU.ActiveCfg = Release|Any CPU
		{C1AA899C-B5F9-4890-93E6-D182BFEB5DCA}.Release|Any CPU.Build.0 = Release|Any CPU
	EndGlobalSection
	GlobalSection(SolutionProperties) = preSolution
		HideSolutionNode = FALSE
	EndGlobalSection
	GlobalSection(ExtensibilityGlobals) = postSolution
		SolutionGuid = {F7A352D9-0A21-4250-8A78-54B7ACD37F34}
	EndGlobalSection
EndGlobal
